
Microsoft Visual Studio Solution File, Format Version 12.00
# Visual Studio Version 16
VisualStudioVersion = 16.0.31702.278
MinimumVisualStudioVersion = 10.0.40219.1
Project("{FAE04EC0-301F-11D3-BF4B-00C04F79EFBC}") = "Task1", "Task\Task1.csproj", "{AC4959BA-053F-4B90-B53D-8713D16BFE91}"
EndProject
Project("{FAE04EC0-301F-11D3-BF4B-00C04F79EFBC}") = "Task2", "Task2\Task2.csproj", "{52171EA3-5527-40AA-BAF9-849823F54FC5}"
EndProject
Project("{FAE04EC0-301F-11D3-BF4B-00C04F79EFBC}") = "Task3", "ConsoleApp1\Task3.csproj", "{96D0DBC6-8B60-49F1-B59A-1C77B1244ACA}"
EndProject
Global
	GlobalSection(SolutionConfigurationPlatforms) = preSolution
		Debug|Any CPU = Debug|Any CPU
		Release|Any CPU = Release|Any CPU
	EndGlobalSection
	GlobalSection(ProjectConfigurationPlatforms) = postSolution
		{AC4959BA-053F-4B90-B53D-8713D16BFE91}.Debug|Any CPU.ActiveCfg = Debug|Any CPU
		{AC4959BA-053F-4B90-B53D-8713D16BFE91}.Debug|Any CPU.Build.0 = Debug|Any CPU
		{AC4959BA-053F-4B90-B53D-8713D16BFE91}.Release|Any CPU.ActiveCfg = Release|Any CPU
		{AC4959BA-053F-4B90-B53D-8713D16BFE91}.Release|Any CPU.Build.0 = Release|Any CPU
		{52171EA3-5527-40AA-BAF9-849823F54FC5}.Debug|Any CPU.ActiveCfg = Debug|Any CPU
		{52171EA3-5527-40AA-BAF9-849823F54FC5}.Debug|Any CPU.Build.0 = Debug|Any CPU
		{52171EA3-5527-40AA-BAF9-849823F54FC5}.Release|Any CPU.ActiveCfg = Release|Any CPU
		{52171EA3-5527-40AA-BAF9-849823F54FC5}.Release|Any CPU.Build.0 = Release|Any CPU
		{96D0DBC6-8B60-49F1-B59A-1C77B1244ACA}.Debug|Any CPU.ActiveCfg = Debug|Any CPU
		{96D0DBC6-8B60-49F1-B59A-1C77B1244ACA}.Debug|Any CPU.Build.0 = Debug|Any CPU
		{96D0DBC6-8B60-49F1-B59A-1C77B1244ACA}.Release|Any CPU.ActiveCfg = Release|Any CPU
		{96D0DBC6-8B60-49F1-B59A-1C77B1244ACA}.Release|Any CPU.Build.0 = Release|Any CPU
	EndGlobalSection
	GlobalSection(SolutionProperties) = preSolution
		HideSolutionNode = FALSE
	EndGlobalSection
	GlobalSection(ExtensibilityGlobals) = postSolution
		SolutionGuid = {E4486CAD-6675-4573-9F5F-5E1F12AEBC1E}
	EndGlobalSection
EndGlobal
